
Microsoft Visual Studio Solution File, Format Version 12.00
Project("{2150E333-8FDC-42A3-9474-1A3956D46DE8}") = "Server", "Server", "{A7D0AF6D-5DC4-4E50-ABAF-3C46684D5F25}"
EndProject
Project("{FAE04EC0-301F-11D3-BF4B-00C04F79EFBC}") = "Entities", "Entities\Entities.csproj", "{4935B7D6-5F37-44B1-BF85-B50A254F07FC}"
EndProject
Project("{FAE04EC0-301F-11D3-BF4B-00C04F79EFBC}") = "RepositoryContracts", "RepositoryContracts\RepositoryContracts.csproj", "{8EEBE32E-72AD-4E6B-AE34-C6B42C113F38}"
EndProject
Project("{FAE04EC0-301F-11D3-BF4B-00C04F79EFBC}") = "InMemoryRepositories", "InMemoryRepositories\InMemoryRepositories.csproj", "{38FF2276-5A60-4D1B-B72F-B080BBCF6EBC}"
EndProject
Project("{FAE04EC0-301F-11D3-BF4B-00C04F79EFBC}") = "CLI", "CLI\CLI.csproj", "{DA9702FB-4CE3-4780-B9BA-0CBEF41149A0}"
EndProject
Project("{FAE04EC0-301F-11D3-BF4B-00C04F79EFBC}") = "FileRepositories", "FileRepositories\FileRepositories.csproj", "{B5771447-14E8-4D4E-87A3-E3EB90CE38B4}"
EndProject
Project("{2150E333-8FDC-42A3-9474-1A3956D46DE8}") = "Shared", "Shared", "{3BB00749-A65A-4085-81FC-6F2B2989B3FF}"
EndProject
Project("{FAE04EC0-301F-11D3-BF4B-00C04F79EFBC}") = "ApiContracts", "Shared\ApiContracts\ApiContracts.csproj", "{FEC2F5CC-833E-4CF3-8FAE-8ACE8A6DE641}"
EndProject
Project("{FAE04EC0-301F-11D3-BF4B-00C04F79EFBC}") = "WebAPI", "Server\WebAPI\WebAPI.csproj", "{E3DC1FC1-A5AF-458E-A441-DB40641CDD37}"
EndProject
Global
	GlobalSection(SolutionConfigurationPlatforms) = preSolution
		Debug|Any CPU = Debug|Any CPU
		Release|Any CPU = Release|Any CPU
	EndGlobalSection
	GlobalSection(ProjectConfigurationPlatforms) = postSolution
		{4935B7D6-5F37-44B1-BF85-B50A254F07FC}.Debug|Any CPU.ActiveCfg = Debug|Any CPU
		{4935B7D6-5F37-44B1-BF85-B50A254F07FC}.Debug|Any CPU.Build.0 = Debug|Any CPU
		{4935B7D6-5F37-44B1-BF85-B50A254F07FC}.Release|Any CPU.ActiveCfg = Release|Any CPU
		{4935B7D6-5F37-44B1-BF85-B50A254F07FC}.Release|Any CPU.Build.0 = Release|Any CPU
		{8EEBE32E-72AD-4E6B-AE34-C6B42C113F38}.Debug|Any CPU.ActiveCfg = Debug|Any CPU
		{8EEBE32E-72AD-4E6B-AE34-C6B42C113F38}.Debug|Any CPU.Build.0 = Debug|Any CPU
		{8EEBE32E-72AD-4E6B-AE34-C6B42C113F38}.Release|Any CPU.ActiveCfg = Release|Any CPU
		{8EEBE32E-72AD-4E6B-AE34-C6B42C113F38}.Release|Any CPU.Build.0 = Release|Any CPU
		{38FF2276-5A60-4D1B-B72F-B080BBCF6EBC}.Debug|Any CPU.ActiveCfg = Debug|Any CPU
		{38FF2276-5A60-4D1B-B72F-B080BBCF6EBC}.Debug|Any CPU.Build.0 = Debug|Any CPU
		{38FF2276-5A60-4D1B-B72F-B080BBCF6EBC}.Release|Any CPU.ActiveCfg = Release|Any CPU
		{38FF2276-5A60-4D1B-B72F-B080BBCF6EBC}.Release|Any CPU.Build.0 = Release|Any CPU
		{DA9702FB-4CE3-4780-B9BA-0CBEF41149A0}.Debug|Any CPU.ActiveCfg = Debug|Any CPU
		{DA9702FB-4CE3-4780-B9BA-0CBEF41149A0}.Debug|Any CPU.Build.0 = Debug|Any CPU
		{DA9702FB-4CE3-4780-B9BA-0CBEF41149A0}.Release|Any CPU.ActiveCfg = Release|Any CPU
		{DA9702FB-4CE3-4780-B9BA-0CBEF41149A0}.Release|Any CPU.Build.0 = Release|Any CPU
		{B5771447-14E8-4D4E-87A3-E3EB90CE38B4}.Debug|Any CPU.ActiveCfg = Debug|Any CPU
		{B5771447-14E8-4D4E-87A3-E3EB90CE38B4}.Debug|Any CPU.Build.0 = Debug|Any CPU
		{B5771447-14E8-4D4E-87A3-E3EB90CE38B4}.Release|Any CPU.ActiveCfg = Release|Any CPU
		{B5771447-14E8-4D4E-87A3-E3EB90CE38B4}.Release|Any CPU.Build.0 = Release|Any CPU
		{FEC2F5CC-833E-4CF3-8FAE-8ACE8A6DE641}.Debug|Any CPU.ActiveCfg = Debug|Any CPU
		{FEC2F5CC-833E-4CF3-8FAE-8ACE8A6DE641}.Debug|Any CPU.Build.0 = Debug|Any CPU
		{FEC2F5CC-833E-4CF3-8FAE-8ACE8A6DE641}.Release|Any CPU.ActiveCfg = Release|Any CPU
		{FEC2F5CC-833E-4CF3-8FAE-8ACE8A6DE641}.Release|Any CPU.Build.0 = Release|Any CPU
		{E3DC1FC1-A5AF-458E-A441-DB40641CDD37}.Debug|Any CPU.ActiveCfg = Debug|Any CPU
		{E3DC1FC1-A5AF-458E-A441-DB40641CDD37}.Debug|Any CPU.Build.0 = Debug|Any CPU
		{E3DC1FC1-A5AF-458E-A441-DB40641CDD37}.Release|Any CPU.ActiveCfg = Release|Any CPU
		{E3DC1FC1-A5AF-458E-A441-DB40641CDD37}.Release|Any CPU.Build.0 = Release|Any CPU
	EndGlobalSection
	GlobalSection(NestedProjects) = preSolution
		{4935B7D6-5F37-44B1-BF85-B50A254F07FC} = {A7D0AF6D-5DC4-4E50-ABAF-3C46684D5F25}
		{8EEBE32E-72AD-4E6B-AE34-C6B42C113F38} = {A7D0AF6D-5DC4-4E50-ABAF-3C46684D5F25}
		{38FF2276-5A60-4D1B-B72F-B080BBCF6EBC} = {A7D0AF6D-5DC4-4E50-ABAF-3C46684D5F25}
		{DA9702FB-4CE3-4780-B9BA-0CBEF41149A0} = {A7D0AF6D-5DC4-4E50-ABAF-3C46684D5F25}
		{B5771447-14E8-4D4E-87A3-E3EB90CE38B4} = {A7D0AF6D-5DC4-4E50-ABAF-3C46684D5F25}
		{FEC2F5CC-833E-4CF3-8FAE-8ACE8A6DE641} = {3BB00749-A65A-4085-81FC-6F2B2989B3FF}
		{E3DC1FC1-A5AF-458E-A441-DB40641CDD37} = {A7D0AF6D-5DC4-4E50-ABAF-3C46684D5F25}
	EndGlobalSection
EndGlobal
